// !$*UTF8*$!
{
	archiveVersion = 1;
	classes = {
	};
	objectVersion = 50;
	objects = {

/* Begin PBXBuildFile section */
		004EBEBC24B31527004BEC0F /* AppDelegate.swift in Sources */ = {isa = PBXBuildFile; fileRef = 004EBEBB24B31527004BEC0F /* AppDelegate.swift */; };
		004EBEBE24B31527004BEC0F /* SceneDelegate.swift in Sources */ = {isa = PBXBuildFile; fileRef = 004EBEBD24B31527004BEC0F /* SceneDelegate.swift */; };
		004EBEC024B31527004BEC0F /* ViewController.swift in Sources */ = {isa = PBXBuildFile; fileRef = 004EBEBF24B31527004BEC0F /* ViewController.swift */; };
		004EBEC324B31527004BEC0F /* Main.storyboard in Resources */ = {isa = PBXBuildFile; fileRef = 004EBEC124B31527004BEC0F /* Main.storyboard */; };
		004EBEC524B3152A004BEC0F /* Assets.xcassets in Resources */ = {isa = PBXBuildFile; fileRef = 004EBEC424B3152A004BEC0F /* Assets.xcassets */; };
		004EBEC824B3152A004BEC0F /* LaunchScreen.storyboard in Resources */ = {isa = PBXBuildFile; fileRef = 004EBEC624B3152A004BEC0F /* LaunchScreen.storyboard */; };
/* End PBXBuildFile section */

/* Begin PBXFileReference section */
		004EBEB824B31527004BEC0F /* るーれっと.app */ = {isa = PBXFileReference; explicitFileType = wrapper.application; includeInIndex = 0; path = "るーれっと.app"; sourceTree = BUILT_PRODUCTS_DIR; };
		004EBEBB24B31527004BEC0F /* AppDelegate.swift */ = {isa = PBXFileReference; lastKnownFileType = sourcecode.swift; path = AppDelegate.swift; sourceTree = "<group>"; };
		004EBEBD24B31527004BEC0F /* SceneDelegate.swift */ = {isa = PBXFileReference; lastKnownFileType = sourcecode.swift; path = SceneDelegate.swift; sourceTree = "<group>"; };
		004EBEBF24B31527004BEC0F /* ViewController.swift */ = {isa = PBXFileReference; lastKnownFileType = sourcecode.swift; path = ViewController.swift; sourceTree = "<group>"; };
		004EBEC224B31527004BEC0F /* Base */ = {isa = PBXFileReference; lastKnownFileType = file.storyboard; name = Base; path = Base.lproj/Main.storyboard; sourceTree = "<group>"; };
		004EBEC424B3152A004BEC0F /* Assets.xcassets */ = {isa = PBXFileReference; lastKnownFileType = folder.assetcatalog; path = Assets.xcassets; sourceTree = "<group>"; };
		004EBEC724B3152A004BEC0F /* Base */ = {isa = PBXFileReference; lastKnownFileType = file.storyboard; name = Base; path = Base.lproj/LaunchScreen.storyboard; sourceTree = "<group>"; };
		004EBEC924B3152A004BEC0F /* Info.plist */ = {isa = PBXFileReference; lastKnownFileType = text.plist.xml; path = Info.plist; sourceTree = "<group>"; };
/* End PBXFileReference section */

/* Begin PBXFrameworksBuildPhase section */
		004EBEB524B31527004BEC0F /* Frameworks */ = {
			isa = PBXFrameworksBuildPhase;
			buildActionMask = 2147483647;
			files = (
			);
			runOnlyForDeploymentPostprocessing = 0;
		};
/* End PBXFrameworksBuildPhase section */

/* Begin PBXGroup section */
		004EBEAF24B31527004BEC0F = {
			isa = PBXGroup;
			children = (
				004EBEBA24B31527004BEC0F /* るーれっと */,
				004EBEB924B31527004BEC0F /* Products */,
			);
			sourceTree = "<group>";
		};
		004EBEB924B31527004BEC0F /* Products */ = {
			isa = PBXGroup;
			children = (
				004EBEB824B31527004BEC0F /* るーれっと.app */,
			);
			name = Products;
			sourceTree = "<group>";
		};
		004EBEBA24B31527004BEC0F /* るーれっと */ = {
			isa = PBXGroup;
			children = (
				004EBEBB24B31527004BEC0F /* AppDelegate.swift */,
				004EBEBD24B31527004BEC0F /* SceneDelegate.swift */,
				004EBEBF24B31527004BEC0F /* ViewController.swift */,
				004EBEC124B31527004BEC0F /* Main.storyboard */,
				004EBEC424B3152A004BEC0F /* Assets.xcassets */,
				004EBEC624B3152A004BEC0F /* LaunchScreen.storyboard */,
				004EBEC924B3152A004BEC0F /* Info.plist */,
			);
			path = "るーれっと";
			sourceTree = "<group>";
		};
/* End PBXGroup section */

/* Begin PBXNativeTarget section */
		004EBEB724B31527004BEC0F /* るーれっと */ = {
			isa = PBXNativeTarget;
			buildConfigurationList = 004EBECC24B3152A004BEC0F /* Build configuration list for PBXNativeTarget "るーれっと" */;
			buildPhases = (
				004EBEB424B31527004BEC0F /* Sources */,
				004EBEB524B31527004BEC0F /* Frameworks */,
				004EBEB624B31527004BEC0F /* Resources */,
			);
			buildRules = (
			);
			dependencies = (
			);
			name = "るーれっと";
			productName = "るーれっと";
			productReference = 004EBEB824B31527004BEC0F /* るーれっと.app */;
			productType = "com.apple.product-type.application";
		};
/* End PBXNativeTarget section */

/* Begin PBXProject section */
		004EBEB024B31527004BEC0F /* Project object */ = {
			isa = PBXProject;
			attributes = {
				LastSwiftUpdateCheck = 1150;
				LastUpgradeCheck = 1150;
				ORGANIZATIONNAME = a;
				TargetAttributes = {
					004EBEB724B31527004BEC0F = {
						CreatedOnToolsVersion = 11.5;
					};
				};
			};
			buildConfigurationList = 004EBEB324B31527004BEC0F /* Build configuration list for PBXProject "るーれっと" */;
			compatibilityVersion = "Xcode 9.3";
			developmentRegion = en;
			hasScannedForEncodings = 0;
			knownRegions = (
				en,
				Base,
			);
			mainGroup = 004EBEAF24B31527004BEC0F;
			productRefGroup = 004EBEB924B31527004BEC0F /* Products */;
			projectDirPath = "";
			projectRoot = "";
			targets = (
				004EBEB724B31527004BEC0F /* るーれっと */,
			);
		};
/* End PBXProject section */

/* Begin PBXResourcesBuildPhase section */
		004EBEB624B31527004BEC0F /* Resources */ = {
			isa = PBXResourcesBuildPhase;
			buildActionMask = 2147483647;
			files = (
				004EBEC824B3152A004BEC0F /* LaunchScreen.storyboard in Resources */,
				004EBEC524B3152A004BEC0F /* Assets.xcassets in Resources */,
				004EBEC324B31527004BEC0F /* Main.storyboard in Resources */,
			);
			runOnlyForDeploymentPostprocessing = 0;
		};
/* End PBXResourcesBuildPhase section */

/* Begin PBXSourcesBuildPhase section */
		004EBEB424B31527004BEC0F /* Sources */ = {
			isa = PBXSourcesBuildPhase;
			buildActionMask = 2147483647;
			files = (
				004EBEC024B31527004BEC0F /* ViewController.swift in Sources */,
				004EBEBC24B31527004BEC0F /* AppDelegate.swift in Sources */,
				004EBEBE24B31527004BEC0F /* SceneDelegate.swift in Sources */,
			);
			runOnlyForDeploymentPostprocessing = 0;
		};
/* End PBXSourcesBuildPhase section */

/* Begin PBXVariantGroup section */
		004EBEC124B31527004BEC0F /* Main.storyboard */ = {
			isa = PBXVariantGroup;
			children = (
				004EBEC224B31527004BEC0F /* Base */,
			);
			name = Main.storyboard;
			sourceTree = "<group>";
		};
		004EBEC624B3152A004BEC0F /* LaunchScreen.storyboard */ = {
			isa = PBXVariantGroup;
			children = (
				004EBEC724B3152A004BEC0F /* Base */,
			);
			name = LaunchScreen.storyboard;
			sourceTree = "<group>";
		};
/* End PBXVariantGroup section */

/* Begin XCBuildConfiguration section */
		004EBECA24B3152A004BEC0F /* Debug */ = {
			isa = XCBuildConfiguration;
			buildSettings = {
				ALWAYS_SEARCH_USER_PATHS = NO;
				CLANG_ANALYZER_NONNULL = YES;
				CLANG_ANALYZER_NUMBER_OBJECT_CONVERSION = YES_AGGRESSIVE;
				CLANG_CXX_LANGUAGE_STANDARD = "gnu++14";
				CLANG_CXX_LIBRARY = "libc++";
				CLANG_ENABLE_MODULES = YES;
				CLANG_ENABLE_OBJC_ARC = YES;
				CLANG_ENABLE_OBJC_WEAK = YES;
				CLANG_WARN_BLOCK_CAPTURE_AUTORELEASING = YES;
				CLANG_WARN_BOOL_CONVERSION = YES;
				CLANG_WARN_COMMA = YES;
				CLANG_WARN_CONSTANT_CONVERSION = YES;
				CLANG_WARN_DEPRECATED_OBJC_IMPLEMENTATIONS = YES;
				CLANG_WARN_DIRECT_OBJC_ISA_USAGE = YES_ERROR;
				CLANG_WARN_DOCUMENTATION_COMMENTS = YES;
				CLANG_WARN_EMPTY_BODY = YES;
				CLANG_WARN_ENUM_CONVERSION = YES;
				CLANG_WARN_INFINITE_RECURSION = YES;
				CLANG_WARN_INT_CONVERSION = YES;
				CLANG_WARN_NON_LITERAL_NULL_CONVERSION = YES;
				CLANG_WARN_OBJC_IMPLICIT_RETAIN_SELF = YES;
				CLANG_WARN_OBJC_LITERAL_CONVERSION = YES;
				CLANG_WARN_OBJC_ROOT_CLASS = YES_ERROR;
				CLANG_WARN_RANGE_LOOP_ANALYSIS = YES;
				CLANG_WARN_STRICT_PROTOTYPES = YES;
				CLANG_WARN_SUSPICIOUS_MOVE = YES;
				CLANG_WARN_UNGUARDED_AVAILABILITY = YES_AGGRESSIVE;
				CLANG_WARN_UNREACHABLE_CODE = YES;
				CLANG_WARN__DUPLICATE_METHOD_MATCH = YES;
				COPY_PHASE_STRIP = NO;
				DEBUG_INFORMATION_FORMAT = dwarf;
				ENABLE_STRICT_OBJC_MSGSEND = YES;
				ENABLE_TESTABILITY = YES;
				GCC_C_LANGUAGE_STANDARD = gnu11;
				GCC_DYNAMIC_NO_PIC = NO;
				GCC_NO_COMMON_BLOCKS = YES;
				GCC_OPTIMIZATION_LEVEL = 0;
				GCC_PREPROCESSOR_DEFINITIONS = (
					"DEBUG=1",
					"$(inherited)",
				);
				GCC_WARN_64_TO_32_BIT_CONVERSION = YES;
				GCC_WARN_ABOUT_RETURN_TYPE = YES_ERROR;
				GCC_WARN_UNDECLARED_SELECTOR = YES;
				GCC_WARN_UNINITIALIZED_AUTOS = YES_AGGRESSIVE;
				GCC_WARN_UNUSED_FUNCTION = YES;
				GCC_WARN_UNUSED_VARIABLE = YES;
				IPHONEOS_DEPLOYMENT_TARGET = 13.5;
				MTL_ENABLE_DEBUG_INFO = INCLUDE_SOURCE;
				MTL_FAST_MATH = YES;
				ONLY_ACTIVE_ARCH = YES;
				SDKROOT = iphoneos;
				SWIFT_ACTIVE_COMPILATION_CONDITIONS = DEBUG;
				SWIFT_OPTIMIZATION_LEVEL = "-Onone";
			};
			name = Debug;
		};
		004EBECB24B3152A004BEC0F /* Release */ = {
			isa = XCBuildConfiguration;
			buildSettings = {
				ALWAYS_SEARCH_USER_PATHS = NO;
				CLANG_ANALYZER_NONNULL = YES;
				CLANG_ANALYZER_NUMBER_OBJECT_CONVERSION = YES_AGGRESSIVE;
				CLANG_CXX_LANGUAGE_STANDARD = "gnu++14";
				CLANG_CXX_LIBRARY = "libc++";
				CLANG_ENABLE_MODULES = YES;
				CLANG_ENABLE_OBJC_ARC = YES;
				CLANG_ENABLE_OBJC_WEAK = YES;
				CLANG_WARN_BLOCK_CAPTURE_AUTORELEASING = YES;
				CLANG_WARN_BOOL_CONVERSION = YES;
				CLANG_WARN_COMMA = YES;
				CLANG_WARN_CONSTANT_CONVERSION = YES;
				CLANG_WARN_DEPRECATED_OBJC_IMPLEMENTATIONS = YES;
				CLANG_WARN_DIRECT_OBJC_ISA_USAGE = YES_ERROR;
				CLANG_WARN_DOCUMENTATION_COMMENTS = YES;
				CLANG_WARN_EMPTY_BODY = YES;
				CLANG_WARN_ENUM_CONVERSION = YES;
				CLANG_WARN_INFINITE_RECURSION = YES;
				CLANG_WARN_INT_CONVERSION = YES;
				CLANG_WARN_NON_LITERAL_NULL_CONVERSION = YES;
				CLANG_WARN_OBJC_IMPLICIT_RETAIN_SELF = YES;
				CLANG_WARN_OBJC_LITERAL_CONVERSION = YES;
				CLANG_WARN_OBJC_ROOT_CLASS = YES_ERROR;
				CLANG_WARN_RANGE_LOOP_ANALYSIS = YES;
				CLANG_WARN_STRICT_PROTOTYPES = YES;
				CLANG_WARN_SUSPICIOUS_MOVE = YES;
				CLANG_WARN_UNGUARDED_AVAILABILITY = YES_AGGRESSIVE;
				CLANG_WARN_UNREACHABLE_CODE = YES;
				CLANG_WARN__DUPLICATE_METHOD_MATCH = YES;
				COPY_PHASE_STRIP = NO;
				DEBUG_INFORMATION_FORMAT = "dwarf-with-dsym";
				ENABLE_NS_ASSERTIONS = NO;
				ENABLE_STRICT_OBJC_MSGSEND = YES;
				GCC_C_LANGUAGE_STANDARD = gnu11;
				GCC_NO_COMMON_BLOCKS = YES;
				GCC_WARN_64_TO_32_BIT_CONVERSION = YES;
				GCC_WARN_ABOUT_RETURN_TYPE = YES_ERROR;
				GCC_WARN_UNDECLARED_SELECTOR = YES;
				GCC_WARN_UNINITIALIZED_AUTOS = YES_AGGRESSIVE;
				GCC_WARN_UNUSED_FUNCTION = YES;
				GCC_WARN_UNUSED_VARIABLE = YES;
				IPHONEOS_DEPLOYMENT_TARGET = 13.5;
				MTL_ENABLE_DEBUG_INFO = NO;
				MTL_FAST_MATH = YES;
				SDKROOT = iphoneos;
				SWIFT_COMPILATION_MODE = wholemodule;
				SWIFT_OPTIMIZATION_LEVEL = "-O";
				VALIDATE_PRODUCT = YES;
			};
			name = Release;
		};
		004EBECD24B3152A004BEC0F /* Debug */ = {
			isa = XCBuildConfiguration;
			buildSettings = {
				ASSETCATALOG_COMPILER_APPICON_NAME = AppIcon;
				CODE_SIGN_STYLE = Automatic;
				INFOPLIST_FILE = "るーれっと/Info.plist";
				LD_RUNPATH_SEARCH_PATHS = (
					"$(inherited)",
					"@executable_path/Frameworks",
				);
				PRODUCT_BUNDLE_IDENTIFIER = "com.testdevelop.-----";
				PRODUCT_NAME = "$(TARGET_NAME)";
				SWIFT_VERSION = 5.0;
				TARGETED_DEVICE_FAMILY = "1,2";
			};
			name = Debug;
		};
		004EBECE24B3152A004BEC0F /* Release */ = {
			isa = XCBuildConfiguration;
			buildSettings = {
				ASSETCATALOG_COMPILER_APPICON_NAME = AppIcon;
				CODE_SIGN_STYLE = Automatic;
				INFOPLIST_FILE = "るーれっと/Info.plist";
				LD_RUNPATH_SEARCH_PATHS = (
					"$(inherited)",
					"@executable_path/Frameworks",
				);
				PRODUCT_BUNDLE_IDENTIFIER = "com.testdevelop.-----";
				PRODUCT_NAME = "$(TARGET_NAME)";
				SWIFT_VERSION = 5.0;
				TARGETED_DEVICE_FAMILY = "1,2";
			};
			name = Release;
		};
/* End XCBuildConfiguration section */

/* Begin XCConfigurationList section */
		004EBEB324B31527004BEC0F /* Build configuration list for PBXProject "るーれっと" */ = {
			isa = XCConfigurationList;
			buildConfigurations = (
				004EBECA24B3152A004BEC0F /* Debug */,
				004EBECB24B3152A004BEC0F /* Release */,
			);
			defaultConfigurationIsVisible = 0;
			defaultConfigurationName = Release;
		};
		004EBECC24B3152A004BEC0F /* Build configuration list for PBXNativeTarget "るーれっと" */ = {
			isa = XCConfigurationList;
			buildConfigurations = (
				004EBECD24B3152A004BEC0F /* Debug */,
				004EBECE24B3152A004BEC0F /* Release */,
			);
			defaultConfigurationIsVisible = 0;
			defaultConfigurationName = Release;
		};
/* End XCConfigurationList section */
	};
	rootObject = 004EBEB024B31527004BEC0F /* Project object */;
}
